PODS:
  - JKDataHelper (0.1.23)
  - JKWKWebViewHandler (0.4.5):
    - JKDataHelper

DEPENDENCIES:
  - JKWKWebViewHandler (from `../../`)

SPEC REPOS:
  trunk:
    - JKDataHelper

EXTERNAL SOURCES:
  JKWKWebViewHandler:
    :path: "../../"

SPEC CHECKSUMS:
  JKDataHelper: b30fcfa50b345140ad55f3868e3b5a9e9e39283c
  JKWKWebViewHandler: abf75949ac1434e158c77099eea1fe13b497e162

PODFILE CHECKSUM: 791f7ca715b4f2fbf64a90a5ce0033e1cdddbe34

COCOAPODS: 1.11.2
